// !$*UTF8*$!
{
	archiveVersion = 1;
	classes = {
	};
	objectVersion = 46;
	objects = {

/* Begin PBXBuildFile section */
		088392BF2398D4F200C0BB1F /* MobileCoreServices.framework in Frameworks */ = {isa = PBXBuildFile; fileRef = 088392BE2398D4F200C0BB1F /* MobileCoreServices.framework */; };
		088392C12398D50A00C0BB1F /* MediaPlayer.framework in Frameworks */ = {isa = PBXBuildFile; fileRef = 088392C02398D50A00C0BB1F /* MediaPlayer.framework */; };
		088392C32398D51900C0BB1F /* CoreMedia.framework in Frameworks */ = {isa = PBXBuildFile; fileRef = 088392C22398D51900C0BB1F /* CoreMedia.framework */; };
		088392C52398D53F00C0BB1F /* CoreTelephony.framework in Frameworks */ = {isa = PBXBuildFile; fileRef = 088392C42398D53F00C0BB1F /* CoreTelephony.framework */; };
		088392C72398D56600C0BB1F /* Accelerate.framework in Frameworks */ = {isa = PBXBuildFile; fileRef = 088392C62398D56500C0BB1F /* Accelerate.framework */; };
		088392C92398D58700C0BB1F /* libsqlite3.tbd in Frameworks */ = {isa = PBXBuildFile; fileRef = 088392C82398D58700C0BB1F /* libsqlite3.tbd */; };
		0885B19B238D059C009A8B8E /* AlterBaseUrlView.m in Sources */ = {isa = PBXBuildFile; fileRef = 0885B19A238D059C009A8B8E /* AlterBaseUrlView.m */; };
		2F2520BE231F5BEA003212B0 /* libc++.tbd in Frameworks */ = {isa = PBXBuildFile; fileRef = 2F2520BD231F5BEA003212B0 /* libc++.tbd */; };
		2F2520C0231F5BF6003212B0 /* libresolv.9.tbd in Frameworks */ = {isa = PBXBuildFile; fileRef = 2F2520BF231F5BF6003212B0 /* libresolv.9.tbd */; };
		2F2520C2231F5BFF003212B0 /* CoreMotion.framework in Frameworks */ = {isa = PBXBuildFile; fileRef = 2F2520C1231F5BFF003212B0 /* CoreMotion.framework */; };
		2F2520C4231F5C08003212B0 /* Photos.framework in Frameworks */ = {isa = PBXBuildFile; fileRef = 2F2520C3231F5C08003212B0 /* Photos.framework */; };
		2F2520C6231F5C10003212B0 /* Foundation.framework in Frameworks */ = {isa = PBXBuildFile; fileRef = 2F2520C5231F5C0F003212B0 /* Foundation.framework */; };
		2F2520C8231F5C16003212B0 /* UIKit.framework in Frameworks */ = {isa = PBXBuildFile; fileRef = 2F2520C7231F5C16003212B0 /* UIKit.framework */; };
		2F2520CA231F5C22003212B0 /* CoreGraphics.framework in Frameworks */ = {isa = PBXBuildFile; fileRef = 2F2520C9231F5C22003212B0 /* CoreGraphics.framework */; };
		2F2520CC231F5C2A003212B0 /* SystemConfiguration.framework in Frameworks */ = {isa = PBXBuildFile; fileRef = 2F2520CB231F5C2A003212B0 /* SystemConfiguration.framework */; };
		2F2520CE231F5C32003212B0 /* QuartzCore.framework in Frameworks */ = {isa = PBXBuildFile; fileRef = 2F2520CD231F5C32003212B0 /* QuartzCore.framework */; };
		2F2520D0231F5C39003212B0 /* CoreLocation.framework in Frameworks */ = {isa = PBXBuildFile; fileRef = 2F2520CF231F5C39003212B0 /* CoreLocation.framework */; };
		2F2520D2231F5C3F003212B0 /* AdSupport.framework in Frameworks */ = {isa = PBXBuildFile; fileRef = 2F2520D1231F5C3F003212B0 /* AdSupport.framework */; };
		2F2520D4231F5C47003212B0 /* Security.framework in Frameworks */ = {isa = PBXBuildFile; fileRef = 2F2520D3231F5C47003212B0 /* Security.framework */; };
		2F2520D6231F5C4F003212B0 /* libz.tbd in Frameworks */ = {isa = PBXBuildFile; fileRef = 2F2520D5231F5C4F003212B0 /* libz.tbd */; };
		2F2520D8231F5C55003212B0 /* AVFoundation.framework in Frameworks */ = {isa = PBXBuildFile; fileRef = 2F2520D7231F5C54003212B0 /* AVFoundation.framework */; };
		2F2520DA231F5C5B003212B0 /* WebKit.framework in Frameworks */ = {isa = PBXBuildFile; fileRef = 2F2520D9231F5C5B003212B0 /* WebKit.framework */; };
		2F2520DC231F5C63003212B0 /* libxml2.tbd in Frameworks */ = {isa = PBXBuildFile; fileRef = 2F2520DB231F5C63003212B0 /* libxml2.tbd */; };
		5409F028237CDC1300776571 /* RewardVideoViewController.xib in Resources */ = {isa = PBXBuildFile; fileRef = 5409F027237CDC1300776571 /* RewardVideoViewController.xib */; };
		548F3EC5231F47A4003CE914 /* main.m in Sources */ = {isa = PBXBuildFile; fileRef = 548F3EC4231F47A4003CE914 /* main.m */; };
		548F3ECE231F47A4003CE914 /* Main.storyboard in Resources */ = {isa = PBXBuildFile; fileRef = 548F3ECC231F47A4003CE914 /* Main.storyboard */; };
		548F3ED0231F47A4003CE914 /* Assets.xcassets in Resources */ = {isa = PBXBuildFile; fileRef = 548F3ECF231F47A4003CE914 /* Assets.xcassets */; };
		548F3ED3231F47A4003CE914 /* LaunchScreen.storyboard in Resources */ = {isa = PBXBuildFile; fileRef = 548F3ED1231F47A4003CE914 /* LaunchScreen.storyboard */; };
		548F3EDE231F47A5003CE914 /* DemoTests.m in Sources */ = {isa = PBXBuildFile; fileRef = 548F3EDD231F47A5003CE914 /* DemoTests.m */; };
		548F3EE9231F47A5003CE914 /* DemoUITests.m in Sources */ = {isa = PBXBuildFile; fileRef = 548F3EE8231F47A5003CE914 /* DemoUITests.m */; };
		548F3FD5231F4AAA003CE914 /* BannerViewController.m in Sources */ = {isa = PBXBuildFile; fileRef = 548F3FBB231F4AAA003CE914 /* BannerViewController.m */; };
		548F3FD6231F4AAA003CE914 /* BannerViewController.xib in Resources */ = {isa = PBXBuildFile; fileRef = 548F3FBC231F4AAA003CE914 /* BannerViewController.xib */; };
		548F3FD7231F4AAA003CE914 /* InterstitialViewController.m in Sources */ = {isa = PBXBuildFile; fileRef = 548F3FBF231F4AAA003CE914 /* InterstitialViewController.m */; };
		548F3FD8231F4AAA003CE914 /* InterstitialViewController.xib in Resources */ = {isa = PBXBuildFile; fileRef = 548F3FC0231F4AAA003CE914 /* InterstitialViewController.xib */; };
		548F3FD9231F4AAA003CE914 /* NativeExpressAdViewController.m in Sources */ = {isa = PBXBuildFile; fileRef = 548F3FC3231F4AAA003CE914 /* NativeExpressAdViewController.m */; };
		548F3FDA231F4AAA003CE914 /* NativeExpressAdViewController.xib in Resources */ = {isa = PBXBuildFile; fileRef = 548F3FC4231F4AAA003CE914 /* NativeExpressAdViewController.xib */; };
		548F3FDB231F4AAA003CE914 /* RewardVideoViewController.m in Sources */ = {isa = PBXBuildFile; fileRef = 548F3FC7231F4AAA003CE914 /* RewardVideoViewController.m */; };
		548F3FDD231F4AAA003CE914 /* SplashViewController.m in Sources */ = {isa = PBXBuildFile; fileRef = 548F3FCB231F4AAA003CE914 /* SplashViewController.m */; };
		548F3FDE231F4AAA003CE914 /* SplashViewController.xib in Resources */ = {isa = PBXBuildFile; fileRef = 548F3FCC231F4AAA003CE914 /* SplashViewController.xib */; };
		548F3FDF231F4AAA003CE914 /* MSAdViewController.m in Sources */ = {isa = PBXBuildFile; fileRef = 548F3FCE231F4AAA003CE914 /* MSAdViewController.m */; };
		548F3FE0231F4AAA003CE914 /* MSNavigationController.m in Sources */ = {isa = PBXBuildFile; fileRef = 548F3FD0231F4AAA003CE914 /* MSNavigationController.m */; };
		548F3FE1231F4AAA003CE914 /* MSAdViewController+Sample.m in Sources */ = {isa = PBXBuildFile; fileRef = 548F3FD3231F4AAA003CE914 /* MSAdViewController+Sample.m */; };
		548F3FE4231F4AFD003CE914 /* AppDelegate.m in Sources */ = {isa = PBXBuildFile; fileRef = 548F3FE3231F4AFD003CE914 /* AppDelegate.m */; };
		5490C624238CC9120050DCDD /* MSNativeAdController.m in Sources */ = {isa = PBXBuildFile; fileRef = 5490C623238CC9120050DCDD /* MSNativeAdController.m */; };
		E923A63B23CB986500666B47 /* MSBundle.bundle in Resources */ = {isa = PBXBuildFile; fileRef = E923A63A23CB986500666B47 /* MSBundle.bundle */; };
		E930D73A23FFC55E000B41EE /* PreRenderViewController.m in Sources */ = {isa = PBXBuildFile; fileRef = E930D73823FFC55E000B41EE /* PreRenderViewController.m */; };
		E9318F8E2406239F009FEC6F /* BUFoundation.framework in Frameworks */ = {isa = PBXBuildFile; fileRef = E9318F8D2406239F009FEC6F /* BUFoundation.framework */; };
		E98605BC23BEEBC000A5EECA /* SafariServices.framework in Frameworks */ = {isa = PBXBuildFile; fileRef = E98605BB23BEEBC000A5EECA /* SafariServices.framework */; };
		E98605BE23BEEBD000A5EECA /* MessageUI.framework in Frameworks */ = {isa = PBXBuildFile; fileRef = E98605BD23BEEBD000A5EECA /* MessageUI.framework */; };
		E986F27823BB508F00A5EECA /* MSIdProvider.m in Sources */ = {isa = PBXBuildFile; fileRef = E986F27723BB508F00A5EECA /* MSIdProvider.m */; };
		E986F27A23BB51CF00A5EECA /* CSJIdProvider.m in Sources */ = {isa = PBXBuildFile; fileRef = E986F27923BB51CF00A5EECA /* CSJIdProvider.m */; };
		E986F27C23BB529300A5EECA /* GDTIdProvider.m in Sources */ = {isa = PBXBuildFile; fileRef = E986F27B23BB529300A5EECA /* GDTIdProvider.m */; };
		E986F27E23BB59A300A5EECA /* BDIdProvider.m in Sources */ = {isa = PBXBuildFile; fileRef = E986F27D23BB59A300A5EECA /* BDIdProvider.m */; };
		E986F28123BB627A00A5EECA /* IdProviderFactory.m in Sources */ = {isa = PBXBuildFile; fileRef = E986F28023BB627A00A5EECA /* IdProviderFactory.m */; };
		E986F28723BD94DB00A5EECA /* IAdIdProvider.m in Sources */ = {isa = PBXBuildFile; fileRef = E986F28623BD94DB00A5EECA /* IAdIdProvider.m */; };
		E994793823ED052900F75214 /* MSAdSDK.framework in Frameworks */ = {isa = PBXBuildFile; fileRef = E994793723ED052900F75214 /* MSAdSDK.framework */; };
		E9B3E52623F110CD0074BDF1 /* BaiduMobAdSDK.framework in Frameworks */ = {isa = PBXBuildFile; fileRef = E9B3E52523F110CD0074BDF1 /* BaiduMobAdSDK.framework */; };
		E9B3E53D23F110D70074BDF1 /* libGDTMobSDK.a in Frameworks */ = {isa = PBXBuildFile; fileRef = E9B3E53823F110D70074BDF1 /* libGDTMobSDK.a */; };
		E9B3E53E23F110D70074BDF1 /* BUAdSDK.bundle in Resources */ = {isa = PBXBuildFile; fileRef = E9B3E53B23F110D70074BDF1 /* BUAdSDK.bundle */; };
		E9B3E53F23F110D70074BDF1 /* BUAdSDK.framework in Frameworks */ = {isa = PBXBuildFile; fileRef = E9B3E53C23F110D70074BDF1 /* BUAdSDK.framework */; };
		E9B9499F2408F73F001C95DA /* FeedVideoView.m in Sources */ = {isa = PBXBuildFile; fileRef = E9B9499E2408F73F001C95DA /* FeedVideoView.m */; };
		E9C5C07523C74B2000EB6791 /* NSLayoutConstraint+MASDebugAdditions.m in Sources */ = {isa = PBXBuildFile; fileRef = E9C5C05C23C74B2000EB6791 /* NSLayoutConstraint+MASDebugAdditions.m */; };
		E9C5C07623C74B2000EB6791 /* ViewController+MASAdditions.m in Sources */ = {isa = PBXBuildFile; fileRef = E9C5C06523C74B2000EB6791 /* ViewController+MASAdditions.m */; };
		E9C5C07723C74B2000EB6791 /* MASCompositeConstraint.m in Sources */ = {isa = PBXBuildFile; fileRef = E9C5C06923C74B2000EB6791 /* MASCompositeConstraint.m */; };
		E9C5C07823C74B2000EB6791 /* MASConstraintMaker.m in Sources */ = {isa = PBXBuildFile; fileRef = E9C5C06A23C74B2000EB6791 /* MASConstraintMaker.m */; };
		E9C5C07923C74B2000EB6791 /* MASLayoutConstraint.m in Sources */ = {isa = PBXBuildFile; fileRef = E9C5C06B23C74B2000EB6791 /* MASLayoutConstraint.m */; };
		E9C5C07A23C74B2000EB6791 /* NSArray+MASAdditions.m in Sources */ = {isa = PBXBuildFile; fileRef = E9C5C06C23C74B2000EB6791 /* NSArray+MASAdditions.m */; };
		E9C5C07B23C74B2000EB6791 /* View+MASAdditions.m in Sources */ = {isa = PBXBuildFile; fileRef = E9C5C06D23C74B2000EB6791 /* View+MASAdditions.m */; };
		E9C5C07C23C74B2000EB6791 /* MASConstraint.m in Sources */ = {isa = PBXBuildFile; fileRef = E9C5C07023C74B2000EB6791 /* MASConstraint.m */; };
		E9C5C07D23C74B2000EB6791 /* MASViewConstraint.m in Sources */ = {isa = PBXBuildFile; fileRef = E9C5C07223C74B2000EB6791 /* MASViewConstraint.m */; };
		E9C5C07E23C74B2000EB6791 /* MASViewAttribute.m in Sources */ = {isa = PBXBuildFile; fileRef = E9C5C07323C74B2000EB6791 /* MASViewAttribute.m */; };
		E9C5C0AA23C7940600EB6791 /* VideoViewController.m in Sources */ = {isa = PBXBuildFile; fileRef = E9C5C0A823C7940500EB6791 /* VideoViewController.m */; };
		E9EF202F2421EB9D0048FDFE /* logo@3x.png in Resources */ = {isa = PBXBuildFile; fileRef = E9EF202E2421EB9D0048FDFE /* logo@3x.png */; };
		E9F5ED2E23CC6063006CAEE6 /* Reachability.m in Sources */ = {isa = PBXBuildFile; fileRef = E9F5ED2C23CC6063006CAEE6 /* Reachability.m */; };
/* End PBXBuildFile section */

/* Begin PBXContainerItemProxy section */
		548F3EDA231F47A5003CE914 /* PBXContainerItemProxy */ = {
			isa = PBXContainerItemProxy;
			containerPortal = 548F3EB8231F47A4003CE914 /* Project object */;
			proxyType = 1;
			remoteGlobalIDString = 548F3EBF231F47A4003CE914;
			remoteInfo = Demo;
		};
		548F3EE5231F47A5003CE914 /* PBXContainerItemProxy */ = {
			isa = PBXContainerItemProxy;
			containerPortal = 548F3EB8231F47A4003CE914 /* Project object */;
			proxyType = 1;
			remoteGlobalIDString = 548F3EBF231F47A4003CE914;
			remoteInfo = Demo;
		};
/* End PBXContainerItemProxy section */

/* Begin PBXFileReference section */
		088392BE2398D4F200C0BB1F /* MobileCoreServices.framework */ = {isa = PBXFileReference; lastKnownFileType = wrapper.framework; name = MobileCoreServices.framework; path = System/Library/Frameworks/MobileCoreServices.framework; sourceTree = SDKROOT; };
		088392C02398D50A00C0BB1F /* MediaPlayer.framework */ = {isa = PBXFileReference; lastKnownFileType = wrapper.framework; name = MediaPlayer.framework; path = System/Library/Frameworks/MediaPlayer.framework; sourceTree = SDKROOT; };
		088392C22398D51900C0BB1F /* CoreMedia.framework */ = {isa = PBXFileReference; lastKnownFileType = wrapper.framework; name = CoreMedia.framework; path = System/Library/Frameworks/CoreMedia.framework; sourceTree = SDKROOT; };
		088392C42398D53F00C0BB1F /* CoreTelephony.framework */ = {isa = PBXFileReference; lastKnownFileType = wrapper.framework; name = CoreTelephony.framework; path = System/Library/Frameworks/CoreTelephony.framework; sourceTree = SDKROOT; };
		088392C62398D56500C0BB1F /* Accelerate.framework */ = {isa = PBXFileReference; lastKnownFileType = wrapper.framework; name = Accelerate.framework; path = System/Library/Frameworks/Accelerate.framework; sourceTree = SDKROOT; };
		088392C82398D58700C0BB1F /* libsqlite3.tbd */ = {isa = PBXFileReference; lastKnownFileType = "sourcecode.text-based-dylib-definition"; name = libsqlite3.tbd; path = usr/lib/libsqlite3.tbd; sourceTree = SDKROOT; };
		0885B199238D059C009A8B8E /* AlterBaseUrlView.h */ = {isa = PBXFileReference; lastKnownFileType = sourcecode.c.h; path = AlterBaseUrlView.h; sourceTree = "<group>"; };
		0885B19A238D059C009A8B8E /* AlterBaseUrlView.m */ = {isa = PBXFileReference; lastKnownFileType = sourcecode.c.objc; path = AlterBaseUrlView.m; sourceTree = "<group>"; };
		2F2520BD231F5BEA003212B0 /* libc++.tbd */ = {isa = PBXFileReference; lastKnownFileType = "sourcecode.text-based-dylib-definition"; name = "libc++.tbd"; path = "usr/lib/libc++.tbd"; sourceTree = SDKROOT; };
		2F2520BF231F5BF6003212B0 /* libresolv.9.tbd */ = {isa = PBXFileReference; lastKnownFileType = "sourcecode.text-based-dylib-definition"; name = libresolv.9.tbd; path = usr/lib/libresolv.9.tbd; sourceTree = SDKROOT; };
		2F2520C1231F5BFF003212B0 /* CoreMotion.framework */ = {isa = PBXFileReference; lastKnownFileType = wrapper.framework; name = CoreMotion.framework; path = System/Library/Frameworks/CoreMotion.framework; sourceTree = SDKROOT; };
		2F2520C3231F5C08003212B0 /* Photos.framework */ = {isa = PBXFileReference; lastKnownFileType = wrapper.framework; name = Photos.framework; path = System/Library/Frameworks/Photos.framework; sourceTree = SDKROOT; };
		2F2520C5231F5C0F003212B0 /* Foundation.framework */ = {isa = PBXFileReference; lastKnownFileType = wrapper.framework; name = Foundation.framework; path = System/Library/Frameworks/Foundation.framework; sourceTree = SDKROOT; };
		2F2520C7231F5C16003212B0 /* UIKit.framework */ = {isa = PBXFileReference; lastKnownFileType = wrapper.framework; name = UIKit.framework; path = System/Library/Frameworks/UIKit.framework; sourceTree = SDKROOT; };
		2F2520C9231F5C22003212B0 /* CoreGraphics.framework */ = {isa = PBXFileReference; lastKnownFileType = wrapper.framework; name = CoreGraphics.framework; path = System/Library/Frameworks/CoreGraphics.framework; sourceTree = SDKROOT; };
		2F2520CB231F5C2A003212B0 /* SystemConfiguration.framework */ = {isa = PBXFileReference; lastKnownFileType = wrapper.framework; name = SystemConfiguration.framework; path = System/Library/Frameworks/SystemConfiguration.framework; sourceTree = SDKROOT; };
		2F2520CD231F5C32003212B0 /* QuartzCore.framework */ = {isa = PBXFileReference; lastKnownFileType = wrapper.framework; name = QuartzCore.framework; path = System/Library/Frameworks/QuartzCore.framework; sourceTree = SDKROOT; };
		2F2520CF231F5C39003212B0 /* CoreLocation.framework */ = {isa = PBXFileReference; lastKnownFileType = wrapper.framework; name = CoreLocation.framework; path = System/Library/Frameworks/CoreLocation.framework; sourceTree = SDKROOT; };
		2F2520D1231F5C3F003212B0 /* AdSupport.framework */ = {isa = PBXFileReference; lastKnownFileType = wrapper.framework; name = AdSupport.framework; path = System/Library/Frameworks/AdSupport.framework; sourceTree = SDKROOT; };
		2F2520D3231F5C47003212B0 /* Security.framework */ = {isa = PBXFileReference; lastKnownFileType = wrapper.framework; name = Security.framework; path = System/Library/Frameworks/Security.framework; sourceTree = SDKROOT; };
		2F2520D5231F5C4F003212B0 /* libz.tbd */ = {isa = PBXFileReference; lastKnownFileType = "sourcecode.text-based-dylib-definition"; name = libz.tbd; path = usr/lib/libz.tbd; sourceTree = SDKROOT; };
		2F2520D7231F5C54003212B0 /* AVFoundation.framework */ = {isa = PBXFileReference; lastKnownFileType = wrapper.framework; name = AVFoundation.framework; path = System/Library/Frameworks/AVFoundation.framework; sourceTree = SDKROOT; };
		2F2520D9231F5C5B003212B0 /* WebKit.framework */ = {isa = PBXFileReference; lastKnownFileType = wrapper.framework; name = WebKit.framework; path = System/Library/Frameworks/WebKit.framework; sourceTree = SDKROOT; };
		2F2520DB231F5C63003212B0 /* libxml2.tbd */ = {isa = PBXFileReference; lastKnownFileType = "sourcecode.text-based-dylib-definition"; name = libxml2.tbd; path = usr/lib/libxml2.tbd; sourceTree = SDKROOT; };
		5409F027237CDC1300776571 /* RewardVideoViewController.xib */ = {isa = PBXFileReference; fileEncoding = 4; lastKnownFileType = file.xib; path = RewardVideoViewController.xib; sourceTree = "<group>"; };
		548F3EC0231F47A4003CE914 /* Demo.app */ = {isa = PBXFileReference; explicitFileType = wrapper.application; includeInIndex = 0; path = Demo.app; sourceTree = BUILT_PRODUCTS_DIR; };
		548F3EC4231F47A4003CE914 /* main.m */ = {isa = PBXFileReference; lastKnownFileType = sourcecode.c.objc; path = main.m; sourceTree = "<group>"; };
		548F3ECD231F47A4003CE914 /* Base */ = {isa = PBXFileReference; lastKnownFileType = file.storyboard; name = Base; path = Base.lproj/Main.storyboard; sourceTree = "<group>"; };
		548F3ECF231F47A4003CE914 /* Assets.xcassets */ = {isa = PBXFileReference; lastKnownFileType = folder.assetcatalog; path = Assets.xcassets; sourceTree = "<group>"; };
		548F3ED2231F47A4003CE914 /* Base */ = {isa = PBXFileReference; lastKnownFileType = file.storyboard; name = Base; path = Base.lproj/LaunchScreen.storyboard; sourceTree = "<group>"; };
		548F3ED4231F47A4003CE914 /* Info.plist */ = {isa = PBXFileReference; lastKnownFileType = text.plist.xml; path = Info.plist; sourceTree = "<group>"; };
		548F3ED9231F47A5003CE914 /* DemoTests.xctest */ = {isa = PBXFileReference; explicitFileType = wrapper.cfbundle; includeInIndex = 0; path = DemoTests.xctest; sourceTree = BUILT_PRODUCTS_DIR; };
		548F3EDD231F47A5003CE914 /* DemoTests.m */ = {isa = PBXFileReference; lastKnownFileType = sourcecode.c.objc; path = DemoTests.m; sourceTree = "<group>"; };
		548F3EDF231F47A5003CE914 /* Info.plist */ = {isa = PBXFileReference; lastKnownFileType = text.plist.xml; path = Info.plist; sourceTree = "<group>"; };
		548F3EE4231F47A5003CE914 /* DemoUITests.xctest */ = {isa = PBXFileReference; explicitFileType = wrapper.cfbundle; includeInIndex = 0; path = DemoUITests.xctest; sourceTree = BUILT_PRODUCTS_DIR; };
		548F3EE8231F47A5003CE914 /* DemoUITests.m */ = {isa = PBXFileReference; lastKnownFileType = sourcecode.c.objc; path = DemoUITests.m; sourceTree = "<group>"; };
		548F3EEA231F47A5003CE914 /* Info.plist */ = {isa = PBXFileReference; lastKnownFileType = text.plist.xml; path = Info.plist; sourceTree = "<group>"; };
		548F3FBA231F4AAA003CE914 /* BannerViewController.h */ = {isa = PBXFileReference; fileEncoding = 4; lastKnownFileType = sourcecode.c.h; path = BannerViewController.h; sourceTree = "<group>"; };
		548F3FBB231F4AAA003CE914 /* BannerViewController.m */ = {isa = PBXFileReference; fileEncoding = 4; lastKnownFileType = sourcecode.c.objc; path = BannerViewController.m; sourceTree = "<group>"; };
		548F3FBC231F4AAA003CE914 /* BannerViewController.xib */ = {isa = PBXFileReference; fileEncoding = 4; lastKnownFileType = file.xib; path = BannerViewController.xib; sourceTree = "<group>"; };
		548F3FBE231F4AAA003CE914 /* InterstitialViewController.h */ = {isa = PBXFileReference; fileEncoding = 4; lastKnownFileType = sourcecode.c.h; path = InterstitialViewController.h; sourceTree = "<group>"; };
		548F3FBF231F4AAA003CE914 /* InterstitialViewController.m */ = {isa = PBXFileReference; fileEncoding = 4; lastKnownFileType = sourcecode.c.objc; path = InterstitialViewController.m; sourceTree = "<group>"; };
		548F3FC0231F4AAA003CE914 /* InterstitialViewController.xib */ = {isa = PBXFileReference; fileEncoding = 4; lastKnownFileType = file.xib; path = InterstitialViewController.xib; sourceTree = "<group>"; };
		548F3FC2231F4AAA003CE914 /* NativeExpressAdViewController.h */ = {isa = PBXFileReference; fileEncoding = 4; lastKnownFileType = sourcecode.c.h; path = NativeExpressAdViewController.h; sourceTree = "<group>"; };
		548F3FC3231F4AAA003CE914 /* NativeExpressAdViewController.m */ = {isa = PBXFileReference; fileEncoding = 4; lastKnownFileType = sourcecode.c.objc; path = NativeExpressAdViewController.m; sourceTree = "<group>"; };
		548F3FC4231F4AAA003CE914 /* NativeExpressAdViewController.xib */ = {isa = PBXFileReference; fileEncoding = 4; lastKnownFileType = file.xib; path = NativeExpressAdViewController.xib; sourceTree = "<group>"; };
		548F3FC6231F4AAA003CE914 /* RewardVideoViewController.h */ = {isa = PBXFileReference; fileEncoding = 4; lastKnownFileType = sourcecode.c.h; path = RewardVideoViewController.h; sourceTree = "<group>"; };
		548F3FC7231F4AAA003CE914 /* RewardVideoViewController.m */ = {isa = PBXFileReference; fileEncoding = 4; lastKnownFileType = sourcecode.c.objc; path = RewardVideoViewController.m; sourceTree = "<group>"; };
		548F3FCA231F4AAA003CE914 /* SplashViewController.h */ = {isa = PBXFileReference; fileEncoding = 4; lastKnownFileType = sourcecode.c.h; path = SplashViewController.h; sourceTree = "<group>"; };
		548F3FCB231F4AAA003CE914 /* SplashViewController.m */ = {isa = PBXFileReference; fileEncoding = 4; lastKnownFileType = sourcecode.c.objc; path = SplashViewController.m; sourceTree = "<group>"; };
		548F3FCC231F4AAA003CE914 /* SplashViewController.xib */ = {isa = PBXFileReference; fileEncoding = 4; lastKnownFileType = file.xib; path = SplashViewController.xib; sourceTree = "<group>"; };
		548F3FCD231F4AAA003CE914 /* MSAdViewController.h */ = {isa = PBXFileReference; fileEncoding = 4; lastKnownFileType = sourcecode.c.h; path = MSAdViewController.h; sourceTree = "<group>"; };
		548F3FCE231F4AAA003CE914 /* MSAdViewController.m */ = {isa = PBXFileReference; fileEncoding = 4; lastKnownFileType = sourcecode.c.objc; path = MSAdViewController.m; sourceTree = "<group>"; };
		548F3FCF231F4AAA003CE914 /* MSNavigationController.h */ = {isa = PBXFileReference; fileEncoding = 4; lastKnownFileType = sourcecode.c.h; path = MSNavigationController.h; sourceTree = "<group>"; };
		548F3FD0231F4AAA003CE914 /* MSNavigationController.m */ = {isa = PBXFileReference; fileEncoding = 4; lastKnownFileType = sourcecode.c.objc; path = MSNavigationController.m; sourceTree = "<group>"; };
		548F3FD2231F4AAA003CE914 /* MSAdViewController+Sample.h */ = {isa = PBXFileReference; fileEncoding = 4; lastKnownFileType = sourcecode.c.h; path = "MSAdViewController+Sample.h"; sourceTree = "<group>"; };
		548F3FD3231F4AAA003CE914 /* MSAdViewController+Sample.m */ = {isa = PBXFileReference; fileEncoding = 4; lastKnownFileType = sourcecode.c.objc; path = "MSAdViewController+Sample.m"; sourceTree = "<group>"; };
		548F3FE2231F4AFD003CE914 /* AppDelegate.h */ = {isa = PBXFileReference; fileEncoding = 4; lastKnownFileType = sourcecode.c.h; path = AppDelegate.h; sourceTree = "<group>"; };
		548F3FE3231F4AFD003CE914 /* AppDelegate.m */ = {isa = PBXFileReference; fileEncoding = 4; lastKnownFileType = sourcecode.c.objc; path = AppDelegate.m; sourceTree = "<group>"; };
		5490C622238CC9120050DCDD /* MSNativeAdController.h */ = {isa = PBXFileReference; lastKnownFileType = sourcecode.c.h; path = MSNativeAdController.h; sourceTree = "<group>"; };
		5490C623238CC9120050DCDD /* MSNativeAdController.m */ = {isa = PBXFileReference; lastKnownFileType = sourcecode.c.objc; path = MSNativeAdController.m; sourceTree = "<group>"; };
		E923A63A23CB986500666B47 /* MSBundle.bundle */ = {isa = PBXFileReference; lastKnownFileType = "wrapper.plug-in"; path = MSBundle.bundle; sourceTree = "<group>"; };
		E930D73823FFC55E000B41EE /* PreRenderViewController.m */ = {isa = PBXFileReference; fileEncoding = 4; lastKnownFileType = sourcecode.c.objc; path = PreRenderViewController.m; sourceTree = "<group>"; };
		E930D73923FFC55E000B41EE /* PreRenderViewController.h */ = {isa = PBXFileReference; fileEncoding = 4; lastKnownFileType = sourcecode.c.h; path = PreRenderViewController.h; sourceTree = "<group>"; };
		E9318F8D2406239F009FEC6F /* BUFoundation.framework */ = {isa = PBXFileReference; lastKnownFileType = wrapper.framework; path = BUFoundation.framework; sourceTree = "<group>"; };
		E98605BB23BEEBC000A5EECA /* SafariServices.framework */ = {isa = PBXFileReference; lastKnownFileType = wrapper.framework; name = SafariServices.framework; path = System/Library/Frameworks/SafariServices.framework; sourceTree = SDKROOT; };
		E98605BD23BEEBD000A5EECA /* MessageUI.framework */ = {isa = PBXFileReference; lastKnownFileType = wrapper.framework; name = MessageUI.framework; path = System/Library/Frameworks/MessageUI.framework; sourceTree = SDKROOT; };
		E986F27623BB4CC800A5EECA /* IAdIdProvider.h */ = {isa = PBXFileReference; lastKnownFileType = sourcecode.c.h; path = IAdIdProvider.h; sourceTree = "<group>"; };
		E986F27723BB508F00A5EECA /* MSIdProvider.m */ = {isa = PBXFileReference; lastKnownFileType = sourcecode.c.objc; path = MSIdProvider.m; sourceTree = "<group>"; };
		E986F27923BB51CF00A5EECA /* CSJIdProvider.m */ = {isa = PBXFileReference; lastKnownFileType = sourcecode.c.objc; path = CSJIdProvider.m; sourceTree = "<group>"; };
		E986F27B23BB529300A5EECA /* GDTIdProvider.m */ = {isa = PBXFileReference; lastKnownFileType = sourcecode.c.objc; path = GDTIdProvider.m; sourceTree = "<group>"; };
		E986F27D23BB59A300A5EECA /* BDIdProvider.m */ = {isa = PBXFileReference; lastKnownFileType = sourcecode.c.objc; path = BDIdProvider.m; sourceTree = "<group>"; };
		E986F27F23BB608300A5EECA /* IdProviderFactory.h */ = {isa = PBXFileReference; lastKnownFileType = sourcecode.c.h; path = IdProviderFactory.h; sourceTree = "<group>"; };
		E986F28023BB627A00A5EECA /* IdProviderFactory.m */ = {isa = PBXFileReference; lastKnownFileType = sourcecode.c.objc; path = IdProviderFactory.m; sourceTree = "<group>"; };
		E986F28223BB65B600A5EECA /* MSIdProvider.h */ = {isa = PBXFileReference; lastKnownFileType = sourcecode.c.h; path = MSIdProvider.h; sourceTree = "<group>"; };
		E986F28323BB666200A5EECA /* CSJIdProvider.h */ = {isa = PBXFileReference; lastKnownFileType = sourcecode.c.h; path = CSJIdProvider.h; sourceTree = "<group>"; };
		E986F28423BB668F00A5EECA /* GDTIdProvider.h */ = {isa = PBXFileReference; lastKnownFileType = sourcecode.c.h; path = GDTIdProvider.h; sourceTree = "<group>"; };
		E986F28523BB66BA00A5EECA /* BDIdProvider.h */ = {isa = PBXFileReference; lastKnownFileType = sourcecode.c.h; path = BDIdProvider.h; sourceTree = "<group>"; };
		E986F28623BD94DB00A5EECA /* IAdIdProvider.m */ = {isa = PBXFileReference; lastKnownFileType = sourcecode.c.objc; path = IAdIdProvider.m; sourceTree = "<group>"; };
		E994793723ED052900F75214 /* MSAdSDK.framework */ = {isa = PBXFileReference; lastKnownFileType = wrapper.framework; path = MSAdSDK.framework; sourceTree = "<group>"; };
		E9B3E52523F110CD0074BDF1 /* BaiduMobAdSDK.framework */ = {isa = PBXFileReference; lastKnownFileType = wrapper.framework; path = BaiduMobAdSDK.framework; sourceTree = "<group>"; };
		E9B3E52823F110D70074BDF1 /* GDTNativeExpressAdView.h */ = {isa = PBXFileReference; fileEncoding = 4; lastKnownFileType = sourcecode.c.h; path = GDTNativeExpressAdView.h; sourceTree = "<group>"; };
		E9B3E52923F110D70074BDF1 /* GDTMobBannerView.h */ = {isa = PBXFileReference; fileEncoding = 4; lastKnownFileType = sourcecode.c.h; path = GDTMobBannerView.h; sourceTree = "<group>"; };
		E9B3E52A23F110D70074BDF1 /* GDTUnifiedBannerView.h */ = {isa = PBXFileReference; fileEncoding = 4; lastKnownFileType = sourcecode.c.h; path = GDTUnifiedBannerView.h; sourceTree = "<group>"; };
		E9B3E52B23F110D70074BDF1 /* GDTNativeAd.h */ = {isa = PBXFileReference; fileEncoding = 4; lastKnownFileType = sourcecode.c.h; path = GDTNativeAd.h; sourceTree = "<group>"; };
		E9B3E52C23F110D70074BDF1 /* GDTSDKConfig.h */ = {isa = PBXFileReference; fileEncoding = 4; lastKnownFileType = sourcecode.c.h; path = GDTSDKConfig.h; sourceTree = "<group>"; };
		E9B3E52D23F110D70074BDF1 /* GDTMobInterstitial.h */ = {isa = PBXFileReference; fileEncoding = 4; lastKnownFileType = sourcecode.c.h; path = GDTMobInterstitial.h; sourceTree = "<group>"; };
		E9B3E52E23F110D70074BDF1 /* GDTRewardVideoAd.h */ = {isa = PBXFileReference; fileEncoding = 4; lastKnownFileType = sourcecode.c.h; path = GDTRewardVideoAd.h; sourceTree = "<group>"; };
		E9B3E52F23F110D70074BDF1 /* GDTSplashAd.h */ = {isa = PBXFileReference; fileEncoding = 4; lastKnownFileType = sourcecode.c.h; path = GDTSplashAd.h; sourceTree = "<group>"; };
		E9B3E53023F110D70074BDF1 /* GDTNativeExpressAd.h */ = {isa = PBXFileReference; fileEncoding = 4; lastKnownFileType = sourcecode.c.h; path = GDTNativeExpressAd.h; sourceTree = "<group>"; };
		E9B3E53123F110D70074BDF1 /* GDTLogoView.h */ = {isa = PBXFileReference; fileEncoding = 4; lastKnownFileType = sourcecode.c.h; path = GDTLogoView.h; sourceTree = "<group>"; };
		E9B3E53223F110D70074BDF1 /* GDTMediaView.h */ = {isa = PBXFileReference; fileEncoding = 4; lastKnownFileType = sourcecode.c.h; path = GDTMediaView.h; sourceTree = "<group>"; };
		E9B3E53323F110D70074BDF1 /* GDTUnifiedNativeAdView.h */ = {isa = PBXFileReference; fileEncoding = 4; lastKnownFileType = sourcecode.c.h; path = GDTUnifiedNativeAdView.h; sourceTree = "<group>"; };
		E9B3E53423F110D70074BDF1 /* GDTHybridAd.h */ = {isa = PBXFileReference; fileEncoding = 4; lastKnownFileType = sourcecode.c.h; path = GDTHybridAd.h; sourceTree = "<group>"; };
		E9B3E53523F110D70074BDF1 /* GDTUnifiedNativeAdDataObject.h */ = {isa = PBXFileReference; fileEncoding = 4; lastKnownFileType = sourcecode.c.h; path = GDTUnifiedNativeAdDataObject.h; sourceTree = "<group>"; };
		E9B3E53623F110D70074BDF1 /* GDTSDKDefines.h */ = {isa = PBXFileReference; fileEncoding = 4; lastKnownFileType = sourcecode.c.h; path = GDTSDKDefines.h; sourceTree = "<group>"; };
		E9B3E53723F110D70074BDF1 /* GDTUnifiedInterstitialAd.h */ = {isa = PBXFileReference; fileEncoding = 4; lastKnownFileType = sourcecode.c.h; path = GDTUnifiedInterstitialAd.h; sourceTree = "<group>"; };
		E9B3E53823F110D70074BDF1 /* libGDTMobSDK.a */ = {isa = PBXFileReference; lastKnownFileType = archive.ar; path = libGDTMobSDK.a; sourceTree = "<group>"; };
		E9B3E53923F110D70074BDF1 /* GDTUnifiedNativeAd.h */ = {isa = PBXFileReference; fileEncoding = 4; lastKnownFileType = sourcecode.c.h; path = GDTUnifiedNativeAd.h; sourceTree = "<group>"; };
		E9B3E53A23F110D70074BDF1 /* GDTVideoConfig.h */ = {isa = PBXFileReference; fileEncoding = 4; lastKnownFileType = sourcecode.c.h; path = GDTVideoConfig.h; sourceTree = "<group>"; };
		E9B3E53B23F110D70074BDF1 /* BUAdSDK.bundle */ = {isa = PBXFileReference; lastKnownFileType = "wrapper.plug-in"; path = BUAdSDK.bundle; sourceTree = "<group>"; };
		E9B3E53C23F110D70074BDF1 /* BUAdSDK.framework */ = {isa = PBXFileReference; lastKnownFileType = wrapper.framework; path = BUAdSDK.framework; sourceTree = "<group>"; };
		E9B9499D2408F73F001C95DA /* FeedVideoView.h */ = {isa = PBXFileReference; fileEncoding = 4; lastKnownFileType = sourcecode.c.h; path = FeedVideoView.h; sourceTree = "<group>"; };
		E9B9499E2408F73F001C95DA /* FeedVideoView.m */ = {isa = PBXFileReference; fileEncoding = 4; lastKnownFileType = sourcecode.c.objc; path = FeedVideoView.m; sourceTree = "<group>"; };
		E9C5C05B23C74B2000EB6791 /* MASCompositeConstraint.h */ = {isa = PBXFileReference; fileEncoding = 4; lastKnownFileType = sourcecode.c.h; path = MASCompositeConstraint.h; sourceTree = "<group>"; };
		E9C5C05C23C74B2000EB6791 /* NSLayoutConstraint+MASDebugAdditions.m */ = {isa = PBXFileReference; fileEncoding = 4; lastKnownFileType = sourcecode.c.objc; path = "NSLayoutConstraint+MASDebugAdditions.m"; sourceTree = "<group>"; };
		E9C5C05D23C74B2000EB6791 /* MASConstraint+Private.h */ = {isa = PBXFileReference; fileEncoding = 4; lastKnownFileType = sourcecode.c.h; path = "MASConstraint+Private.h"; sourceTree = "<group>"; };
		E9C5C05E23C74B2000EB6791 /* MASLayoutConstraint.h */ = {isa = PBXFileReference; fileEncoding = 4; lastKnownFileType = sourcecode.c.h; path = MASLayoutConstraint.h; sourceTree = "<group>"; };
		E9C5C05F23C74B2000EB6791 /* NSArray+MASShorthandAdditions.h */ = {isa = PBXFileReference; fileEncoding = 4; lastKnownFileType = sourcecode.c.h; path = "NSArray+MASShorthandAdditions.h"; sourceTree = "<group>"; };
		E9C5C06023C74B2000EB6791 /* MASConstraintMaker.h */ = {isa = PBXFileReference; fileEncoding = 4; lastKnownFileType = sourcecode.c.h; path = MASConstraintMaker.h; sourceTree = "<group>"; };
		E9C5C06123C74B2000EB6791 /* View+MASAdditions.h */ = {isa = PBXFileReference; fileEncoding = 4; lastKnownFileType = sourcecode.c.h; path = "View+MASAdditions.h"; sourceTree = "<group>"; };
		E9C5C06223C74B2000EB6791 /* NSArray+MASAdditions.h */ = {isa = PBXFileReference; fileEncoding = 4; lastKnownFileType = sourcecode.c.h; path = "NSArray+MASAdditions.h"; sourceTree = "<group>"; };
		E9C5C06323C74B2000EB6791 /* MASUtilities.h */ = {isa = PBXFileReference; fileEncoding = 4; lastKnownFileType = sourcecode.c.h; path = MASUtilities.h; sourceTree = "<group>"; };
		E9C5C06423C74B2000EB6791 /* MASViewAttribute.h */ = {isa = PBXFileReference; fileEncoding = 4; lastKnownFileType = sourcecode.c.h; path = MASViewAttribute.h; sourceTree = "<group>"; };
		E9C5C06523C74B2000EB6791 /* ViewController+MASAdditions.m */ = {isa = PBXFileReference; fileEncoding = 4; lastKnownFileType = sourcecode.c.objc; path = "ViewController+MASAdditions.m"; sourceTree = "<group>"; };
		E9C5C06623C74B2000EB6791 /* MASViewConstraint.h */ = {isa = PBXFileReference; fileEncoding = 4; lastKnownFileType = sourcecode.c.h; path = MASViewConstraint.h; sourceTree = "<group>"; };
		E9C5C06723C74B2000EB6791 /* MASConstraint.h */ = {isa = PBXFileReference; fileEncoding = 4; lastKnownFileType = sourcecode.c.h; path = MASConstraint.h; sourceTree = "<group>"; };
		E9C5C06823C74B2000EB6791 /* NSLayoutConstraint+MASDebugAdditions.h */ = {isa = PBXFileReference; fileEncoding = 4; lastKnownFileType = sourcecode.c.h; path = "NSLayoutConstraint+MASDebugAdditions.h"; sourceTree = "<group>"; };
		E9C5C06923C74B2000EB6791 /* MASCompositeConstraint.m */ = {isa = PBXFileReference; fileEncoding = 4; lastKnownFileType = sourcecode.c.objc; path = MASCompositeConstraint.m; sourceTree = "<group>"; };
		E9C5C06A23C74B2000EB6791 /* MASConstraintMaker.m */ = {isa = PBXFileReference; fileEncoding = 4; lastKnownFileType = sourcecode.c.objc; path = MASConstraintMaker.m; sourceTree = "<group>"; };
		E9C5C06B23C74B2000EB6791 /* MASLayoutConstraint.m */ = {isa = PBXFileReference; fileEncoding = 4; lastKnownFileType = sourcecode.c.objc; path = MASLayoutConstraint.m; sourceTree = "<group>"; };
		E9C5C06C23C74B2000EB6791 /* NSArray+MASAdditions.m */ = {isa = PBXFileReference; fileEncoding = 4; lastKnownFileType = sourcecode.c.objc; path = "NSArray+MASAdditions.m"; sourceTree = "<group>"; };
		E9C5C06D23C74B2000EB6791 /* View+MASAdditions.m */ = {isa = PBXFileReference; fileEncoding = 4; lastKnownFileType = sourcecode.c.objc; path = "View+MASAdditions.m"; sourceTree = "<group>"; };
		E9C5C06E23C74B2000EB6791 /* View+MASShorthandAdditions.h */ = {isa = PBXFileReference; fileEncoding = 4; lastKnownFileType = sourcecode.c.h; path = "View+MASShorthandAdditions.h"; sourceTree = "<group>"; };
		E9C5C06F23C74B2000EB6791 /* Masonry.h */ = {isa = PBXFileReference; fileEncoding = 4; lastKnownFileType = sourcecode.c.h; path = Masonry.h; sourceTree = "<group>"; };
		E9C5C07023C74B2000EB6791 /* MASConstraint.m */ = {isa = PBXFileReference; fileEncoding = 4; lastKnownFileType = sourcecode.c.objc; path = MASConstraint.m; sourceTree = "<group>"; };
		E9C5C07123C74B2000EB6791 /* ViewController+MASAdditions.h */ = {isa = PBXFileReference; fileEncoding = 4; lastKnownFileType = sourcecode.c.h; path = "ViewController+MASAdditions.h"; sourceTree = "<group>"; };
		E9C5C07223C74B2000EB6791 /* MASViewConstraint.m */ = {isa = PBXFileReference; fileEncoding = 4; lastKnownFileType = sourcecode.c.objc; path = MASViewConstraint.m; sourceTree = "<group>"; };
		E9C5C07323C74B2000EB6791 /* MASViewAttribute.m */ = {isa = PBXFileReference; fileEncoding = 4; lastKnownFileType = sourcecode.c.objc; path = MASViewAttribute.m; sourceTree = "<group>"; };
		E9C5C07423C74B2000EB6791 /* Info.plist */ = {isa = PBXFileReference; fileEncoding = 4; lastKnownFileType = text.plist.xml; path = Info.plist; sourceTree = "<group>"; };
		E9C5C0A623C7940500EB6791 /* VideoViewController.h */ = {isa = PBXFileReference; fileEncoding = 4; lastKnownFileType = sourcecode.c.h; path = VideoViewController.h; sourceTree = "<group>"; };
		E9C5C0A823C7940500EB6791 /* VideoViewController.m */ = {isa = PBXFileReference; fileEncoding = 4; lastKnownFileType = sourcecode.c.objc; path = VideoViewController.m; sourceTree = "<group>"; };
		E9EF202E2421EB9D0048FDFE /* logo@3x.png */ = {isa = PBXFileReference; lastKnownFileType = image.png; path = "logo@3x.png"; sourceTree = "<group>"; };
		E9F5ED2C23CC6063006CAEE6 /* Reachability.m */ = {isa = PBXFileReference; fileEncoding = 4; lastKnownFileType = sourcecode.c.objc; path = Reachability.m; sourceTree = "<group>"; };
		E9F5ED2D23CC6063006CAEE6 /* Reachability.h */ = {isa = PBXFileReference; fileEncoding = 4; lastKnownFileType = sourcecode.c.h; path = Reachability.h; sourceTree = "<group>"; };
/* End PBXFileReference section */

/* Begin PBXFrameworksBuildPhase section */
		548F3EBD231F47A4003CE914 /* Frameworks */ = {
			isa = PBXFrameworksBuildPhase;
			buildActionMask = 2147483647;
			files = (
				2F2520D8231F5C55003212B0 /* AVFoundation.framework in Frameworks */,
				E98605BE23BEEBD000A5EECA /* MessageUI.framework in Frameworks */,
				E98605BC23BEEBC000A5EECA /* SafariServices.framework in Frameworks */,
				088392C92398D58700C0BB1F /* libsqlite3.tbd in Frameworks */,
				088392C72398D56600C0BB1F /* Accelerate.framework in Frameworks */,
				088392C52398D53F00C0BB1F /* CoreTelephony.framework in Frameworks */,
				E994793823ED052900F75214 /* MSAdSDK.framework in Frameworks */,
				E9B3E53F23F110D70074BDF1 /* BUAdSDK.framework in Frameworks */,
				088392C32398D51900C0BB1F /* CoreMedia.framework in Frameworks */,
				088392C12398D50A00C0BB1F /* MediaPlayer.framework in Frameworks */,
				088392BF2398D4F200C0BB1F /* MobileCoreServices.framework in Frameworks */,
				2F2520DC231F5C63003212B0 /* libxml2.tbd in Frameworks */,
				2F2520DA231F5C5B003212B0 /* WebKit.framework in Frameworks */,
				2F2520D6231F5C4F003212B0 /* libz.tbd in Frameworks */,
				2F2520D4231F5C47003212B0 /* Security.framework in Frameworks */,
				2F2520D2231F5C3F003212B0 /* AdSupport.framework in Frameworks */,
				2F2520D0231F5C39003212B0 /* CoreLocation.framework in Frameworks */,
				2F2520CE231F5C32003212B0 /* QuartzCore.framework in Frameworks */,
				2F2520CC231F5C2A003212B0 /* SystemConfiguration.framework in Frameworks */,
				2F2520CA231F5C22003212B0 /* CoreGraphics.framework in Frameworks */,
				E9B3E52623F110CD0074BDF1 /* BaiduMobAdSDK.framework in Frameworks */,
				2F2520C8231F5C16003212B0 /* UIKit.framework in Frameworks */,
				2F2520C6231F5C10003212B0 /* Foundation.framework in Frameworks */,
				2F2520C4231F5C08003212B0 /* Photos.framework in Frameworks */,
				E9318F8E2406239F009FEC6F /* BUFoundation.framework in Frameworks */,
				2F2520C2231F5BFF003212B0 /* CoreMotion.framework in Frameworks */,
				2F2520C0231F5BF6003212B0 /* libresolv.9.tbd in Frameworks */,
				2F2520BE231F5BEA003212B0 /* libc++.tbd in Frameworks */,
				E9B3E53D23F110D70074BDF1 /* libGDTMobSDK.a in Frameworks */,
			);
			runOnlyForDeploymentPostprocessing = 0;
		};
		548F3ED6231F47A5003CE914 /* Frameworks */ = {
			isa = PBXFrameworksBuildPhase;
			buildActionMask = 2147483647;
			files = (
			);
			runOnlyForDeploymentPostprocessing = 0;
		};
		548F3EE1231F47A5003CE914 /* Frameworks */ = {
			isa = PBXFrameworksBuildPhase;
			buildActionMask = 2147483647;
			files = (
			);
			runOnlyForDeploymentPostprocessing = 0;
		};
/* End PBXFrameworksBuildPhase section */

/* Begin PBXGroup section */
		2F2520BB231F5B35003212B0 /* Frameworks */ = {
			isa = PBXGroup;
			children = (
				E98605BD23BEEBD000A5EECA /* MessageUI.framework */,
				E98605BB23BEEBC000A5EECA /* SafariServices.framework */,
				088392C82398D58700C0BB1F /* libsqlite3.tbd */,
				088392C62398D56500C0BB1F /* Accelerate.framework */,
				088392C42398D53F00C0BB1F /* CoreTelephony.framework */,
				088392C22398D51900C0BB1F /* CoreMedia.framework */,
				088392C02398D50A00C0BB1F /* MediaPlayer.framework */,
				088392BE2398D4F200C0BB1F /* MobileCoreServices.framework */,
				2F2520DB231F5C63003212B0 /* libxml2.tbd */,
				2F2520D9231F5C5B003212B0 /* WebKit.framework */,
				2F2520D7231F5C54003212B0 /* AVFoundation.framework */,
				2F2520D5231F5C4F003212B0 /* libz.tbd */,
				2F2520D3231F5C47003212B0 /* Security.framework */,
				2F2520D1231F5C3F003212B0 /* AdSupport.framework */,
				2F2520CF231F5C39003212B0 /* CoreLocation.framework */,
				2F2520CD231F5C32003212B0 /* QuartzCore.framework */,
				2F2520CB231F5C2A003212B0 /* SystemConfiguration.framework */,
				2F2520C9231F5C22003212B0 /* CoreGraphics.framework */,
				2F2520C7231F5C16003212B0 /* UIKit.framework */,
				2F2520C5231F5C0F003212B0 /* Foundation.framework */,
				2F2520C3231F5C08003212B0 /* Photos.framework */,
				2F2520C1231F5BFF003212B0 /* CoreMotion.framework */,
				2F2520BF231F5BF6003212B0 /* libresolv.9.tbd */,
				2F2520BD231F5BEA003212B0 /* libc++.tbd */,
			);
			name = Frameworks;
			sourceTree = "<group>";
		};
		548F3EB7231F47A4003CE914 = {
			isa = PBXGroup;
			children = (
				548F3EC2231F47A4003CE914 /* Demo */,
				548F3EDC231F47A5003CE914 /* DemoTests */,
				548F3EE7231F47A5003CE914 /* DemoUITests */,
				548F3EC1231F47A4003CE914 /* Products */,
				2F2520BB231F5B35003212B0 /* Frameworks */,
			);
			sourceTree = "<group>";
		};
		548F3EC1231F47A4003CE914 /* Products */ = {
			isa = PBXGroup;
			children = (
				548F3EC0231F47A4003CE914 /* Demo.app */,
				548F3ED9231F47A5003CE914 /* DemoTests.xctest */,
				548F3EE4231F47A5003CE914 /* DemoUITests.xctest */,
			);
			name = Products;
			sourceTree = "<group>";
		};
		548F3EC2231F47A4003CE914 /* Demo */ = {
			isa = PBXGroup;
			children = (
				E9EF202D2421EB9D0048FDFE /* res */,
				548F3FB6231F4AAA003CE914 /* lib */,
				548F3FB8231F4AAA003CE914 /* MSAds */,
				E986F27423BB4AC300A5EECA /* adid */,
				548F3FD1231F4AAA003CE914 /* MSSampleAdTypes */,
				548F3FCD231F4AAA003CE914 /* MSAdViewController.h */,
				548F3FCE231F4AAA003CE914 /* MSAdViewController.m */,
				548F3FCF231F4AAA003CE914 /* MSNavigationController.h */,
				548F3FD0231F4AAA003CE914 /* MSNavigationController.m */,
				548F3FE2231F4AFD003CE914 /* AppDelegate.h */,
				548F3FE3231F4AFD003CE914 /* AppDelegate.m */,
				0885B199238D059C009A8B8E /* AlterBaseUrlView.h */,
				0885B19A238D059C009A8B8E /* AlterBaseUrlView.m */,
				548F3ECC231F47A4003CE914 /* Main.storyboard */,
				548F3ECF231F47A4003CE914 /* Assets.xcassets */,
				548F3ED1231F47A4003CE914 /* LaunchScreen.storyboard */,
				548F3ED4231F47A4003CE914 /* Info.plist */,
				548F3EC3231F47A4003CE914 /* Supporting Files */,
			);
			path = Demo;
			sourceTree = "<group>";
		};
		548F3EC3231F47A4003CE914 /* Supporting Files */ = {
			isa = PBXGroup;
			children = (
				548F3EC4231F47A4003CE914 /* main.m */,
			);
			name = "Supporting Files";
			sourceTree = "<group>";
		};
		548F3EDC231F47A5003CE914 /* DemoTests */ = {
			isa = PBXGroup;
			children = (
				548F3EDD231F47A5003CE914 /* DemoTests.m */,
				548F3EDF231F47A5003CE914 /* Info.plist */,
			);
			path = DemoTests;
			sourceTree = "<group>";
		};
		548F3EE7231F47A5003CE914 /* DemoUITests */ = {
			isa = PBXGroup;
			children = (
				548F3EE8231F47A5003CE914 /* DemoUITests.m */,
				548F3EEA231F47A5003CE914 /* Info.plist */,
			);
			path = DemoUITests;
			sourceTree = "<group>";
		};
		548F3FB6231F4AAA003CE914 /* lib */ = {
			isa = PBXGroup;
			children = (
				E9318F8D2406239F009FEC6F /* BUFoundation.framework */,
				E9B3E53B23F110D70074BDF1 /* BUAdSDK.bundle */,
				E9B3E53C23F110D70074BDF1 /* BUAdSDK.framework */,
				E9B3E52723F110D70074BDF1 /* GDT */,
				E9B3E52523F110CD0074BDF1 /* BaiduMobAdSDK.framework */,
				E994793723ED052900F75214 /* MSAdSDK.framework */,
				E9F5ED2B23CC6063006CAEE6 /* reachability */,
				E923A63A23CB986500666B47 /* MSBundle.bundle */,
				E9C5C05A23C74B2000EB6791 /* Masonry */,
			);
			path = lib;
			sourceTree = "<group>";
		};
		548F3FB8231F4AAA003CE914 /* MSAds */ = {
			isa = PBXGroup;
			children = (
				E930D73723FFC55E000B41EE /* MSPreRenderAd */,
				E9C5C0A523C7940500EB6791 /* MSVideoAd */,
				548F3FB9231F4AAA003CE914 /* MSBannerAd */,
				548F3FBD231F4AAA003CE914 /* MSInterstitialAd */,
				548F3FC1231F4AAA003CE914 /* MSNativeExpressAd */,
				548F3FC5231F4AAA003CE914 /* MSRewardVideoAd */,
				548F3FC9231F4AAA003CE914 /* MSSplashAd */,
			);
			path = MSAds;
			sourceTree = "<group>";
		};
		548F3FB9231F4AAA003CE914 /* MSBannerAd */ = {
			isa = PBXGroup;
			children = (
				548F3FBA231F4AAA003CE914 /* BannerViewController.h */,
				548F3FBB231F4AAA003CE914 /* BannerViewController.m */,
				548F3FBC231F4AAA003CE914 /* BannerViewController.xib */,
			);
			path = MSBannerAd;
			sourceTree = "<group>";
		};
		548F3FBD231F4AAA003CE914 /* MSInterstitialAd */ = {
			isa = PBXGroup;
			children = (
				548F3FBE231F4AAA003CE914 /* InterstitialViewController.h */,
				548F3FBF231F4AAA003CE914 /* InterstitialViewController.m */,
				548F3FC0231F4AAA003CE914 /* InterstitialViewController.xib */,
			);
			path = MSInterstitialAd;
			sourceTree = "<group>";
		};
		548F3FC1231F4AAA003CE914 /* MSNativeExpressAd */ = {
			isa = PBXGroup;
			children = (
				548F3FC2231F4AAA003CE914 /* NativeExpressAdViewController.h */,
				548F3FC3231F4AAA003CE914 /* NativeExpressAdViewController.m */,
				548F3FC4231F4AAA003CE914 /* NativeExpressAdViewController.xib */,
				5490C622238CC9120050DCDD /* MSNativeAdController.h */,
				5490C623238CC9120050DCDD /* MSNativeAdController.m */,
				E9B9499D2408F73F001C95DA /* FeedVideoView.h */,
				E9B9499E2408F73F001C95DA /* FeedVideoView.m */,
			);
			path = MSNativeExpressAd;
			sourceTree = "<group>";
		};
		548F3FC5231F4AAA003CE914 /* MSRewardVideoAd */ = {
			isa = PBXGroup;
			children = (
				5409F027237CDC1300776571 /* RewardVideoViewController.xib */,
				548F3FC6231F4AAA003CE914 /* RewardVideoViewController.h */,
				548F3FC7231F4AAA003CE914 /* RewardVideoViewController.m */,
			);
			path = MSRewardVideoAd;
			sourceTree = "<group>";
		};
		548F3FC9231F4AAA003CE914 /* MSSplashAd */ = {
			isa = PBXGroup;
			children = (
				548F3FCA231F4AAA003CE914 /* SplashViewController.h */,
				548F3FCB231F4AAA003CE914 /* SplashViewController.m */,
				548F3FCC231F4AAA003CE914 /* SplashViewController.xib */,
			);
			path = MSSplashAd;
			sourceTree = "<group>";
		};
		548F3FD1231F4AAA003CE914 /* MSSampleAdTypes */ = {
			isa = PBXGroup;
			children = (
				548F3FD2231F4AAA003CE914 /* MSAdViewController+Sample.h */,
				548F3FD3231F4AAA003CE914 /* MSAdViewController+Sample.m */,
			);
			path = MSSampleAdTypes;
			sourceTree = "<group>";
		};
		E930D73723FFC55E000B41EE /* MSPreRenderAd */ = {
			isa = PBXGroup;
			children = (
				E930D73823FFC55E000B41EE /* PreRenderViewController.m */,
				E930D73923FFC55E000B41EE /* PreRenderViewController.h */,
			);
			path = MSPreRenderAd;
			sourceTree = "<group>";
		};
		E986F27423BB4AC300A5EECA /* adid */ = {
			isa = PBXGroup;
			children = (
				E986F27623BB4CC800A5EECA /* IAdIdProvider.h */,
				E986F28623BD94DB00A5EECA /* IAdIdProvider.m */,
				E986F28223BB65B600A5EECA /* MSIdProvider.h */,
				E986F27723BB508F00A5EECA /* MSIdProvider.m */,
				E986F28323BB666200A5EECA /* CSJIdProvider.h */,
				E986F27923BB51CF00A5EECA /* CSJIdProvider.m */,
				E986F28423BB668F00A5EECA /* GDTIdProvider.h */,
				E986F27B23BB529300A5EECA /* GDTIdProvider.m */,
				E986F28523BB66BA00A5EECA /* BDIdProvider.h */,
				E986F27D23BB59A300A5EECA /* BDIdProvider.m */,
				E986F27F23BB608300A5EECA /* IdProviderFactory.h */,
				E986F28023BB627A00A5EECA /* IdProviderFactory.m */,
			);
			path = adid;
			sourceTree = "<group>";
		};
		E9B3E52723F110D70074BDF1 /* GDT */ = {
			isa = PBXGroup;
			children = (
				E9B3E52823F110D70074BDF1 /* GDTNativeExpressAdView.h */,
				E9B3E52923F110D70074BDF1 /* GDTMobBannerView.h */,
				E9B3E52A23F110D70074BDF1 /* GDTUnifiedBannerView.h */,
				E9B3E52B23F110D70074BDF1 /* GDTNativeAd.h */,
				E9B3E52C23F110D70074BDF1 /* GDTSDKConfig.h */,
				E9B3E52D23F110D70074BDF1 /* GDTMobInterstitial.h */,
				E9B3E52E23F110D70074BDF1 /* GDTRewardVideoAd.h */,
				E9B3E52F23F110D70074BDF1 /* GDTSplashAd.h */,
				E9B3E53023F110D70074BDF1 /* GDTNativeExpressAd.h */,
				E9B3E53123F110D70074BDF1 /* GDTLogoView.h */,
				E9B3E53223F110D70074BDF1 /* GDTMediaView.h */,
				E9B3E53323F110D70074BDF1 /* GDTUnifiedNativeAdView.h */,
				E9B3E53423F110D70074BDF1 /* GDTHybridAd.h */,
				E9B3E53523F110D70074BDF1 /* GDTUnifiedNativeAdDataObject.h */,
				E9B3E53623F110D70074BDF1 /* GDTSDKDefines.h */,
				E9B3E53723F110D70074BDF1 /* GDTUnifiedInterstitialAd.h */,
				E9B3E53823F110D70074BDF1 /* libGDTMobSDK.a */,
				E9B3E53923F110D70074BDF1 /* GDTUnifiedNativeAd.h */,
				E9B3E53A23F110D70074BDF1 /* GDTVideoConfig.h */,
			);
			path = GDT;
			sourceTree = "<group>";
		};
		E9C5C05A23C74B2000EB6791 /* Masonry */ = {
			isa = PBXGroup;
			children = (
				E9C5C05B23C74B2000EB6791 /* MASCompositeConstraint.h */,
				E9C5C05C23C74B2000EB6791 /* NSLayoutConstraint+MASDebugAdditions.m */,
				E9C5C05D23C74B2000EB6791 /* MASConstraint+Private.h */,
				E9C5C05E23C74B2000EB6791 /* MASLayoutConstraint.h */,
				E9C5C05F23C74B2000EB6791 /* NSArray+MASShorthandAdditions.h */,
				E9C5C06023C74B2000EB6791 /* MASConstraintMaker.h */,
				E9C5C06123C74B2000EB6791 /* View+MASAdditions.h */,
				E9C5C06223C74B2000EB6791 /* NSArray+MASAdditions.h */,
				E9C5C06323C74B2000EB6791 /* MASUtilities.h */,
				E9C5C06423C74B2000EB6791 /* MASViewAttribute.h */,
				E9C5C06523C74B2000EB6791 /* ViewController+MASAdditions.m */,
				E9C5C06623C74B2000EB6791 /* MASViewConstraint.h */,
				E9C5C06723C74B2000EB6791 /* MASConstraint.h */,
				E9C5C06823C74B2000EB6791 /* NSLayoutConstraint+MASDebugAdditions.h */,
				E9C5C06923C74B2000EB6791 /* MASCompositeConstraint.m */,
				E9C5C06A23C74B2000EB6791 /* MASConstraintMaker.m */,
				E9C5C06B23C74B2000EB6791 /* MASLayoutConstraint.m */,
				E9C5C06C23C74B2000EB6791 /* NSArray+MASAdditions.m */,
				E9C5C06D23C74B2000EB6791 /* View+MASAdditions.m */,
				E9C5C06E23C74B2000EB6791 /* View+MASShorthandAdditions.h */,
				E9C5C06F23C74B2000EB6791 /* Masonry.h */,
				E9C5C07023C74B2000EB6791 /* MASConstraint.m */,
				E9C5C07123C74B2000EB6791 /* ViewController+MASAdditions.h */,
				E9C5C07223C74B2000EB6791 /* MASViewConstraint.m */,
				E9C5C07323C74B2000EB6791 /* MASViewAttribute.m */,
				E9C5C07423C74B2000EB6791 /* Info.plist */,
			);
			path = Masonry;
			sourceTree = "<group>";
		};
		E9C5C0A523C7940500EB6791 /* MSVideoAd */ = {
			isa = PBXGroup;
			children = (
				E9C5C0A623C7940500EB6791 /* VideoViewController.h */,
				E9C5C0A823C7940500EB6791 /* VideoViewController.m */,
			);
			path = MSVideoAd;
			sourceTree = "<group>";
		};
		E9EF202D2421EB9D0048FDFE /* res */ = {
			isa = PBXGroup;
			children = (
				E9EF202E2421EB9D0048FDFE /* logo@3x.png */,
			);
			path = res;
			sourceTree = "<group>";
		};
		E9F5ED2B23CC6063006CAEE6 /* reachability */ = {
			isa = PBXGroup;
			children = (
				E9F5ED2C23CC6063006CAEE6 /* Reachability.m */,
				E9F5ED2D23CC6063006CAEE6 /* Reachability.h */,
			);
			path = reachability;
			sourceTree = "<group>";
		};
/* End PBXGroup section */

/* Begin PBXNativeTarget section */
		548F3EBF231F47A4003CE914 /* Demo */ = {
			isa = PBXNativeTarget;
			buildConfigurationList = 548F3EED231F47A5003CE914 /* Build configuration list for PBXNativeTarget "Demo" */;
			buildPhases = (
				548F3EBC231F47A4003CE914 /* Sources */,
				548F3EBD231F47A4003CE914 /* Frameworks */,
				548F3EBE231F47A4003CE914 /* Resources */,
			);
			buildRules = (
			);
			dependencies = (
			);
			name = Demo;
			productName = Demo;
			productReference = 548F3EC0231F47A4003CE914 /* Demo.app */;
			productType = "com.apple.product-type.application";
		};
		548F3ED8231F47A5003CE914 /* DemoTests */ = {
			isa = PBXNativeTarget;
			buildConfigurationList = 548F3EF0231F47A5003CE914 /* Build configuration list for PBXNativeTarget "DemoTests" */;
			buildPhases = (
				548F3ED5231F47A5003CE914 /* Sources */,
				548F3ED6231F47A5003CE914 /* Frameworks */,
				548F3ED7231F47A5003CE914 /* Resources */,
			);
			buildRules = (
			);
			dependencies = (
				548F3EDB231F47A5003CE914 /* PBXTargetDependency */,
			);
			name = DemoTests;
			productName = DemoTests;
			productReference = 548F3ED9231F47A5003CE914 /* DemoTests.xctest */;
			productType = "com.apple.product-type.bundle.unit-test";
		};
		548F3EE3231F47A5003CE914 /* DemoUITests */ = {
			isa = PBXNativeTarget;
			buildConfigurationList = 548F3EF3231F47A5003CE914 /* Build configuration list for PBXNativeTarget "DemoUITests" */;
			buildPhases = (
				548F3EE0231F47A5003CE914 /* Sources */,
				548F3EE1231F47A5003CE914 /* Frameworks */,
				548F3EE2231F47A5003CE914 /* Resources */,
			);
			buildRules = (
			);
			dependencies = (
				548F3EE6231F47A5003CE914 /* PBXTargetDependency */,
			);
			name = DemoUITests;
			productName = DemoUITests;
			productReference = 548F3EE4231F47A5003CE914 /* DemoUITests.xctest */;
			productType = "com.apple.product-type.bundle.ui-testing";
		};
/* End PBXNativeTarget section */

/* Begin PBXProject section */
		548F3EB8231F47A4003CE914 /* Project object */ = {
			isa = PBXProject;
			attributes = {
				LastUpgradeCheck = 0820;
				ORGANIZATIONNAME = bwhx;
				TargetAttributes = {
					548F3EBF231F47A4003CE914 = {
						CreatedOnToolsVersion = 8.2.1;
						DevelopmentTeam = V9R684NZLB;
						ProvisioningStyle = Automatic;
					};
					548F3ED8231F47A5003CE914 = {
						CreatedOnToolsVersion = 8.2.1;
						ProvisioningStyle = Automatic;
						TestTargetID = 548F3EBF231F47A4003CE914;
					};
					548F3EE3231F47A5003CE914 = {
						CreatedOnToolsVersion = 8.2.1;
						ProvisioningStyle = Automatic;
						TestTargetID = 548F3EBF231F47A4003CE914;
					};
				};
			};
			buildConfigurationList = 548F3EBB231F47A4003CE914 /* Build configuration list for PBXProject "Demo" */;
			compatibilityVersion = "Xcode 3.2";
			developmentRegion = English;
			hasScannedForEncodings = 0;
			knownRegions = (
				English,
				en,
				Base,
			);
			mainGroup = 548F3EB7231F47A4003CE914;
			productRefGroup = 548F3EC1231F47A4003CE914 /* Products */;
			projectDirPath = "";
			projectRoot = "";
			targets = (
				548F3EBF231F47A4003CE914 /* Demo */,
				548F3ED8231F47A5003CE914 /* DemoTests */,
				548F3EE3231F47A5003CE914 /* DemoUITests */,
			);
		};
/* End PBXProject section */

/* Begin PBXResourcesBuildPhase section */
		548F3EBE231F47A4003CE914 /* Resources */ = {
			isa = PBXResourcesBuildPhase;
			buildActionMask = 2147483647;
			files = (
				548F3FDA231F4AAA003CE914 /* NativeExpressAdViewController.xib in Resources */,
				E923A63B23CB986500666B47 /* MSBundle.bundle in Resources */,
				548F3FDE231F4AAA003CE914 /* SplashViewController.xib in Resources */,
				548F3ED3231F47A4003CE914 /* LaunchScreen.storyboard in Resources */,
				E9EF202F2421EB9D0048FDFE /* logo@3x.png in Resources */,
				E9B3E53E23F110D70074BDF1 /* BUAdSDK.bundle in Resources */,
				548F3FD8231F4AAA003CE914 /* InterstitialViewController.xib in Resources */,
				548F3FD6231F4AAA003CE914 /* BannerViewController.xib in Resources */,
				548F3ED0231F47A4003CE914 /* Assets.xcassets in Resources */,
				5409F028237CDC1300776571 /* RewardVideoViewController.xib in Resources */,
				548F3ECE231F47A4003CE914 /* Main.storyboard in Resources */,
			);
			runOnlyForDeploymentPostprocessing = 0;
		};
		548F3ED7231F47A5003CE914 /* Resources */ = {
			isa = PBXResourcesBuildPhase;
			buildActionMask = 2147483647;
			files = (
			);
			runOnlyForDeploymentPostprocessing = 0;
		};
		548F3EE2231F47A5003CE914 /* Resources */ = {
			isa = PBXResourcesBuildPhase;
			buildActionMask = 2147483647;
			files = (
			);
			runOnlyForDeploymentPostprocessing = 0;
		};
/* End PBXResourcesBuildPhase section */

/* Begin PBXSourcesBuildPhase section */
		548F3EBC231F47A4003CE914 /* Sources */ = {
			isa = PBXSourcesBuildPhase;
			buildActionMask = 2147483647;
			files = (
				E986F28723BD94DB00A5EECA /* IAdIdProvider.m in Sources */,
				E986F27E23BB59A300A5EECA /* BDIdProvider.m in Sources */,
				E9C5C07E23C74B2000EB6791 /* MASViewAttribute.m in Sources */,
				548F3FE4231F4AFD003CE914 /* AppDelegate.m in Sources */,
				E9C5C07523C74B2000EB6791 /* NSLayoutConstraint+MASDebugAdditions.m in Sources */,
				E9C5C07923C74B2000EB6791 /* MASLayoutConstraint.m in Sources */,
				E986F27C23BB529300A5EECA /* GDTIdProvider.m in Sources */,
				E986F27A23BB51CF00A5EECA /* CSJIdProvider.m in Sources */,
				E9C5C07B23C74B2000EB6791 /* View+MASAdditions.m in Sources */,
				548F3FDF231F4AAA003CE914 /* MSAdViewController.m in Sources */,
				E9F5ED2E23CC6063006CAEE6 /* Reachability.m in Sources */,
				548F3FD7231F4AAA003CE914 /* InterstitialViewController.m in Sources */,
				E9C5C07D23C74B2000EB6791 /* MASViewConstraint.m in Sources */,
				548F3FDD231F4AAA003CE914 /* SplashViewController.m in Sources */,
				E9C5C07823C74B2000EB6791 /* MASConstraintMaker.m in Sources */,
				E9B9499F2408F73F001C95DA /* FeedVideoView.m in Sources */,
				E9C5C07A23C74B2000EB6791 /* NSArray+MASAdditions.m in Sources */,
				E986F28123BB627A00A5EECA /* IdProviderFactory.m in Sources */,
				E9C5C07623C74B2000EB6791 /* ViewController+MASAdditions.m in Sources */,
				5490C624238CC9120050DCDD /* MSNativeAdController.m in Sources */,
				548F3FE0231F4AAA003CE914 /* MSNavigationController.m in Sources */,
				E9C5C0AA23C7940600EB6791 /* VideoViewController.m in Sources */,
				E986F27823BB508F00A5EECA /* MSIdProvider.m in Sources */,
				548F3FD9231F4AAA003CE914 /* NativeExpressAdViewController.m in Sources */,
				E9C5C07C23C74B2000EB6791 /* MASConstraint.m in Sources */,
				E9C5C07723C74B2000EB6791 /* MASCompositeConstraint.m in Sources */,
				E930D73A23FFC55E000B41EE /* PreRenderViewController.m in Sources */,
				548F3FDB231F4AAA003CE914 /* RewardVideoViewController.m in Sources */,
				548F3FD5231F4AAA003CE914 /* BannerViewController.m in Sources */,
				548F3EC5231F47A4003CE914 /* main.m in Sources */,
				0885B19B238D059C009A8B8E /* AlterBaseUrlView.m in Sources */,
				548F3FE1231F4AAA003CE914 /* MSAdViewController+Sample.m in Sources */,
			);
			runOnlyForDeploymentPostprocessing = 0;
		};
		548F3ED5231F47A5003CE914 /* Sources */ = {
			isa = PBXSourcesBuildPhase;
			buildActionMask = 2147483647;
			files = (
				548F3EDE231F47A5003CE914 /* DemoTests.m in Sources */,
			);
			runOnlyForDeploymentPostprocessing = 0;
		};
		548F3EE0231F47A5003CE914 /* Sources */ = {
			isa = PBXSourcesBuildPhase;
			buildActionMask = 2147483647;
			files = (
				548F3EE9231F47A5003CE914 /* DemoUITests.m in Sources */,
			);
			runOnlyForDeploymentPostprocessing = 0;
		};
/* End PBXSourcesBuildPhase section */

/* Begin PBXTargetDependency section */
		548F3EDB231F47A5003CE914 /* PBXTargetDependency */ = {
			isa = PBXTargetDependency;
			target = 548F3EBF231F47A4003CE914 /* Demo */;
			targetProxy = 548F3EDA231F47A5003CE914 /* PBXContainerItemProxy */;
		};
		548F3EE6231F47A5003CE914 /* PBXTargetDependency */ = {
			isa = PBXTargetDependency;
			target = 548F3EBF231F47A4003CE914 /* Demo */;
			targetProxy = 548F3EE5231F47A5003CE914 /* PBXContainerItemProxy */;
		};
/* End PBXTargetDependency section */

/* Begin PBXVariantGroup section */
		548F3ECC231F47A4003CE914 /* Main.storyboard */ = {
			isa = PBXVariantGroup;
			children = (
				548F3ECD231F47A4003CE914 /* Base */,
			);
			name = Main.storyboard;
			sourceTree = "<group>";
		};
		548F3ED1231F47A4003CE914 /* LaunchScreen.storyboard */ = {
			isa = PBXVariantGroup;
			children = (
				548F3ED2231F47A4003CE914 /* Base */,
			);
			name = LaunchScreen.storyboard;
			sourceTree = "<group>";
		};
/* End PBXVariantGroup section */

/* Begin XCBuildConfiguration section */
		548F3EEB231F47A5003CE914 /* Debug */ = {
			isa = XCBuildConfiguration;
			buildSettings = {
				ALWAYS_SEARCH_USER_PATHS = NO;
				CLANG_ANALYZER_NONNULL = YES;
				CLANG_CXX_LANGUAGE_STANDARD = "gnu++0x";
				CLANG_CXX_LIBRARY = "libc++";
				CLANG_ENABLE_MODULES = YES;
				CLANG_ENABLE_OBJC_ARC = YES;
				CLANG_WARN_BOOL_CONVERSION = YES;
				CLANG_WARN_CONSTANT_CONVERSION = YES;
				CLANG_WARN_DIRECT_OBJC_ISA_USAGE = YES_ERROR;
				CLANG_WARN_DOCUMENTATION_COMMENTS = YES;
				CLANG_WARN_EMPTY_BODY = YES;
				CLANG_WARN_ENUM_CONVERSION = YES;
				CLANG_WARN_INFINITE_RECURSION = YES;
				CLANG_WARN_INT_CONVERSION = YES;
				CLANG_WARN_OBJC_ROOT_CLASS = YES_ERROR;
				CLANG_WARN_SUSPICIOUS_MOVE = YES;
				CLANG_WARN_UNREACHABLE_CODE = YES;
				CLANG_WARN__DUPLICATE_METHOD_MATCH = YES;
				"CODE_SIGN_IDENTITY[sdk=iphoneos*]" = "iPhone Developer";
				COPY_PHASE_STRIP = NO;
				DEBUG_INFORMATION_FORMAT = dwarf;
				ENABLE_STRICT_OBJC_MSGSEND = YES;
				ENABLE_TESTABILITY = YES;
				GCC_C_LANGUAGE_STANDARD = gnu99;
				GCC_DYNAMIC_NO_PIC = NO;
				GCC_NO_COMMON_BLOCKS = YES;
				GCC_OPTIMIZATION_LEVEL = 0;
				GCC_PREPROCESSOR_DEFINITIONS = (
					"DEBUG=1",
					"$(inherited)",
				);
				GCC_WARN_64_TO_32_BIT_CONVERSION = YES;
				GCC_WARN_ABOUT_RETURN_TYPE = YES_ERROR;
				GCC_WARN_UNDECLARED_SELECTOR = YES;
				GCC_WARN_UNINITIALIZED_AUTOS = YES_AGGRESSIVE;
				GCC_WARN_UNUSED_FUNCTION = YES;
				GCC_WARN_UNUSED_VARIABLE = YES;
				IPHONEOS_DEPLOYMENT_TARGET = 9.0;
				MTL_ENABLE_DEBUG_INFO = YES;
				ONLY_ACTIVE_ARCH = YES;
				SDKROOT = iphoneos;
				TARGETED_DEVICE_FAMILY = "1,2";
			};
			name = Debug;
		};
		548F3EEC231F47A5003CE914 /* Release */ = {
			isa = XCBuildConfiguration;
			buildSettings = {
				ALWAYS_SEARCH_USER_PATHS = NO;
				CLANG_ANALYZER_NONNULL = YES;
				CLANG_CXX_LANGUAGE_STANDARD = "gnu++0x";
				CLANG_CXX_LIBRARY = "libc++";
				CLANG_ENABLE_MODULES = YES;
				CLANG_ENABLE_OBJC_ARC = YES;
				CLANG_WARN_BOOL_CONVERSION = YES;
				CLANG_WARN_CONSTANT_CONVERSION = YES;
				CLANG_WARN_DIRECT_OBJC_ISA_USAGE = YES_ERROR;
				CLANG_WARN_DOCUMENTATION_COMMENTS = YES;
				CLANG_WARN_EMPTY_BODY = YES;
				CLANG_WARN_ENUM_CONVERSION = YES;
				CLANG_WARN_INFINITE_RECURSION = YES;
				CLANG_WARN_INT_CONVERSION = YES;
				CLANG_WARN_OBJC_ROOT_CLASS = YES_ERROR;
				CLANG_WARN_SUSPICIOUS_MOVE = YES;
				CLANG_WARN_UNREACHABLE_CODE = YES;
				CLANG_WARN__DUPLICATE_METHOD_MATCH = YES;
				"CODE_SIGN_IDENTITY[sdk=iphoneos*]" = "iPhone Developer";
				COPY_PHASE_STRIP = NO;
				DEBUG_INFORMATION_FORMAT = "dwarf-with-dsym";
				ENABLE_NS_ASSERTIONS = NO;
				ENABLE_STRICT_OBJC_MSGSEND = YES;
				GCC_C_LANGUAGE_STANDARD = gnu99;
				GCC_NO_COMMON_BLOCKS = YES;
				GCC_WARN_64_TO_32_BIT_CONVERSION = YES;
				GCC_WARN_ABOUT_RETURN_TYPE = YES_ERROR;
				GCC_WARN_UNDECLARED_SELECTOR = YES;
				GCC_WARN_UNINITIALIZED_AUTOS = YES_AGGRESSIVE;
				GCC_WARN_UNUSED_FUNCTION = YES;
				GCC_WARN_UNUSED_VARIABLE = YES;
				IPHONEOS_DEPLOYMENT_TARGET = 9.0;
				MTL_ENABLE_DEBUG_INFO = NO;
				SDKROOT = iphoneos;
				TARGETED_DEVICE_FAMILY = "1,2";
				VALIDATE_PRODUCT = YES;
			};
			name = Release;
		};
		548F3EEE231F47A5003CE914 /* Debug */ = {
			isa = XCBuildConfiguration;
			buildSettings = {
				ASSETCATALOG_COMPILER_APPICON_NAME = AppIcon;
				DEVELOPMENT_TEAM = V9R684NZLB;
				FRAMEWORK_SEARCH_PATHS = "$(PROJECT_DIR)/Demo/lib";
				HEADER_SEARCH_PATHS = "$(SRCROOT)/MSAdSDK/**";
				INFOPLIST_FILE = Demo/Info.plist;
				IPHONEOS_DEPLOYMENT_TARGET = 8.0;
				LD_RUNPATH_SEARCH_PATHS = "$(inherited) @executable_path/Frameworks";
				LIBRARY_SEARCH_PATHS = (
					"$(PROJECT_DIR)/Demo/lib/MS",
					"$(PROJECT_DIR)/Demo/lib/GDT",
				);
				OTHER_LDFLAGS = "-ObjC";
				PRODUCT_BUNDLE_IDENTIFIER = com.meishu.DemoIOS;
				PRODUCT_NAME = "$(TARGET_NAME)";
			};
			name = Debug;
		};
		548F3EEF231F47A5003CE914 /* Release */ = {
			isa = XCBuildConfiguration;
			buildSettings = {
				ASSETCATALOG_COMPILER_APPICON_NAME = AppIcon;
				DEVELOPMENT_TEAM = V9R684NZLB;
				FRAMEWORK_SEARCH_PATHS = "$(PROJECT_DIR)/Demo/lib";
				HEADER_SEARCH_PATHS = "$(SRCROOT)/MSAdSDK/**";
				INFOPLIST_FILE = Demo/Info.plist;
				IPHONEOS_DEPLOYMENT_TARGET = 8.0;
				LD_RUNPATH_SEARCH_PATHS = "$(inherited) @executable_path/Frameworks";
				LIBRARY_SEARCH_PATHS = (
					"$(PROJECT_DIR)/Demo/lib/MS",
					"$(PROJECT_DIR)/Demo/lib/GDT",
				);
				OTHER_LDFLAGS = "-ObjC";
				PRODUCT_BUNDLE_IDENTIFIER = com.meishu.DemoIOS;
				PRODUCT_NAME = "$(TARGET_NAME)";
			};
			name = Release;
		};
		548F3EF1231F47A5003CE914 /* Debug */ = {
			isa = XCBuildConfiguration;
			buildSettings = {
				BUNDLE_LOADER = "$(TEST_HOST)";
				INFOPLIST_FILE = DemoTests/Info.plist;
				LD_RUNPATH_SEARCH_PATHS = "$(inherited) @executable_path/Frameworks @loader_path/Frameworks";
				PRODUCT_BUNDLE_IDENTIFIER = meishu.DemoTests;
				PRODUCT_NAME = "$(TARGET_NAME)";
				TEST_HOST = "$(BUILT_PRODUCTS_DIR)/Demo.app/Demo";
			};
			name = Debug;
		};
		548F3EF2231F47A5003CE914 /* Release */ = {
			isa = XCBuildConfiguration;
			buildSettings = {
				BUNDLE_LOADER = "$(TEST_HOST)";
				INFOPLIST_FILE = DemoTests/Info.plist;
				LD_RUNPATH_SEARCH_PATHS = "$(inherited) @executable_path/Frameworks @loader_path/Frameworks";
				PRODUCT_BUNDLE_IDENTIFIER = meishu.DemoTests;
				PRODUCT_NAME = "$(TARGET_NAME)";
				TEST_HOST = "$(BUILT_PRODUCTS_DIR)/Demo.app/Demo";
			};
			name = Release;
		};
		548F3EF4231F47A5003CE914 /* Debug */ = {
			isa = XCBuildConfiguration;
			buildSettings = {
				INFOPLIST_FILE = DemoUITests/Info.plist;
				LD_RUNPATH_SEARCH_PATHS = "$(inherited) @executable_path/Frameworks @loader_path/Frameworks";
				PRODUCT_BUNDLE_IDENTIFIER = meishu.DemoUITests;
				PRODUCT_NAME = "$(TARGET_NAME)";
				TEST_TARGET_NAME = Demo;
			};
			name = Debug;
		};
		548F3EF5231F47A5003CE914 /* Release */ = {
			isa = XCBuildConfiguration;
			buildSettings = {
				INFOPLIST_FILE = DemoUITests/Info.plist;
				LD_RUNPATH_SEARCH_PATHS = "$(inherited) @executable_path/Frameworks @loader_path/Frameworks";
				PRODUCT_BUNDLE_IDENTIFIER = meishu.DemoUITests;
				PRODUCT_NAME = "$(TARGET_NAME)";
				TEST_TARGET_NAME = Demo;
			};
			name = Release;
		};
/* End XCBuildConfiguration section */

/* Begin XCConfigurationList section */
		548F3EBB231F47A4003CE914 /* Build configuration list for PBXProject "Demo" */ = {
			isa = XCConfigurationList;
			buildConfigurations = (
				548F3EEB231F47A5003CE914 /* Debug */,
				548F3EEC231F47A5003CE914 /* Release */,
			);
			defaultConfigurationIsVisible = 0;
			defaultConfigurationName = Release;
		};
		548F3EED231F47A5003CE914 /* Build configuration list for PBXNativeTarget "Demo" */ = {
			isa = XCConfigurationList;
			buildConfigurations = (
				548F3EEE231F47A5003CE914 /* Debug */,
				548F3EEF231F47A5003CE914 /* Release */,
			);
			defaultConfigurationIsVisible = 0;
			defaultConfigurationName = Release;
		};
		548F3EF0231F47A5003CE914 /* Build configuration list for PBXNativeTarget "DemoTests" */ = {
			isa = XCConfigurationList;
			buildConfigurations = (
				548F3EF1231F47A5003CE914 /* Debug */,
				548F3EF2231F47A5003CE914 /* Release */,
			);
			defaultConfigurationIsVisible = 0;
			defaultConfigurationName = Release;
		};
		548F3EF3231F47A5003CE914 /* Build configuration list for PBXNativeTarget "DemoUITests" */ = {
			isa = XCConfigurationList;
			buildConfigurations = (
				548F3EF4231F47A5003CE914 /* Debug */,
				548F3EF5231F47A5003CE914 /* Release */,
			);
			defaultConfigurationIsVisible = 0;
			defaultConfigurationName = Release;
		};
/* End XCConfigurationList section */
	};
	rootObject = 548F3EB8231F47A4003CE914 /* Project object */;
}
